Microsoft Visual Studio Solution File, Format Version 12.00
# Visual Studio 2012
Project("{FAE04EC0-301F-11D3-BF4B-00C04F79EFBC}") = "Tutorial2D", "Tutorial2D.csproj", "{3CBA3655-C366-4A84-B311-3DC286C72C13}"
EndProject
Global
	GlobalSection(SolutionConfigurationPlatforms) = preSolution
	Debug|Any CPU = Debug|Any CPU
	Release|Any CPU = Release|Any CPU
	Tools|Any CPU = Tools|Any CPU
	EndGlobalSection
	GlobalSection(ProjectConfigurationPlatforms) = postSolution
		{3CBA3655-C366-4A84-B311-3DC286C72C13}.Debug|Any CPU.ActiveCfg = Debug|Any CPU
		{3CBA3655-C366-4A84-B311-3DC286C72C13}.Debug|Any CPU.Build.0 = Debug|Any CPU
		{3CBA3655-C366-4A84-B311-3DC286C72C13}.Release|Any CPU.ActiveCfg = Release|Any CPU
		{3CBA3655-C366-4A84-B311-3DC286C72C13}.Release|Any CPU.Build.0 = Release|Any CPU
		{3CBA3655-C366-4A84-B311-3DC286C72C13}.Tools|Any CPU.ActiveCfg = Tools|Any CPU
		{3CBA3655-C366-4A84-B311-3DC286C72C13}.Tools|Any CPU.Build.0 = Tools|Any CPU
	EndGlobalSection
EndGlobal
